
Microsoft Visual Studio Solution File, Format Version 12.00
# Visual Studio 14
VisualStudioVersion = 14.0.25420.1
MinimumVisualStudioVersion = 10.0.40219.1
Project("{FAE04EC0-301F-11D3-BF4B-00C04F79EFBC}") = "Ezi.CustomMap", "Ezi.CustomMap\Ezi.CustomMap\Ezi.CustomMap.csproj", "{EA38A1E0-9429-49B9-A02E-6D3B7F52E504}"
EndProject
Project("{FAE04EC0-301F-11D3-BF4B-00C04F79EFBC}") = "Ezi.CustomMap.Droid", "Ezi.CustomMap\Ezi.CustomMap.Droid\Ezi.CustomMap.Droid.csproj", "{CFE0E91E-BFE9-46FE-BB35-F891AFD25196}"
EndProject
Project("{FAE04EC0-301F-11D3-BF4B-00C04F79EFBC}") = "Ezi.CustomMap.iOS", "Ezi.CustomMap\Ezi.CustomMap.iOS\Ezi.CustomMap.iOS.csproj", "{147FFA5F-D3CD-4294-8A8E-05950A1BF336}"
EndProject
Project("{FAE04EC0-301F-11D3-BF4B-00C04F79EFBC}") = "Ezi.CustomMap.WinPhone", "Ezi.CustomMap\Ezi.CustomMap.WinPhone\Ezi.CustomMap.WinPhone.csproj", "{BEB482E4-6861-4DD3-B1C8-67B3F3B0D001}"
EndProject
Project("{FAE04EC0-301F-11D3-BF4B-00C04F79EFBC}") = "Ezi.CustomMap.Windows", "Ezi.CustomMap\Ezi.CustomMap.Windows\Ezi.CustomMap.Windows.csproj", "{00FF0CBA-B496-4F70-8427-CD1157C8A7E5}"
EndProject
Global
	GlobalSection(SolutionConfigurationPlatforms) = preSolution
		Ad-Hoc|Any CPU = Ad-Hoc|Any CPU
		Ad-Hoc|ARM = Ad-Hoc|ARM
		Ad-Hoc|iPhone = Ad-Hoc|iPhone
		Ad-Hoc|iPhoneSimulator = Ad-Hoc|iPhoneSimulator
		Ad-Hoc|x64 = Ad-Hoc|x64
		Ad-Hoc|x86 = Ad-Hoc|x86
		AppStore|Any CPU = AppStore|Any CPU
		AppStore|ARM = AppStore|ARM
		AppStore|iPhone = AppStore|iPhone
		AppStore|iPhoneSimulator = AppStore|iPhoneSimulator
		AppStore|x64 = AppStore|x64
		AppStore|x86 = AppStore|x86
		Debug|Any CPU = Debug|Any CPU
		Debug|ARM = Debug|ARM
		Debug|iPhone = Debug|iPhone
		Debug|iPhoneSimulator = Debug|iPhoneSimulator
		Debug|x64 = Debug|x64
		Debug|x86 = Debug|x86
		Release|Any CPU = Release|Any CPU
		Release|ARM = Release|ARM
		Release|iPhone = Release|iPhone
		Release|iPhoneSimulator = Release|iPhoneSimulator
		Release|x64 = Release|x64
		Release|x86 = Release|x86
	EndGlobalSection
	GlobalSection(ProjectConfigurationPlatforms) = postSolution
		{EA38A1E0-9429-49B9-A02E-6D3B7F52E504}.Ad-Hoc|Any CPU.ActiveCfg = Release|Any CPU
		{EA38A1E0-9429-49B9-A02E-6D3B7F52E504}.Ad-Hoc|Any CPU.Build.0 = Release|Any CPU
		{EA38A1E0-9429-49B9-A02E-6D3B7F52E504}.Ad-Hoc|ARM.ActiveCfg = Release|Any CPU
		{EA38A1E0-9429-49B9-A02E-6D3B7F52E504}.Ad-Hoc|ARM.Build.0 = Release|Any CPU
		{EA38A1E0-9429-49B9-A02E-6D3B7F52E504}.Ad-Hoc|iPhone.ActiveCfg = Release|Any CPU
		{EA38A1E0-9429-49B9-A02E-6D3B7F52E504}.Ad-Hoc|iPhone.Build.0 = Release|Any CPU
		{EA38A1E0-9429-49B9-A02E-6D3B7F52E504}.Ad-Hoc|iPhoneSimulator.ActiveCfg = Release|Any CPU
		{EA38A1E0-9429-49B9-A02E-6D3B7F52E504}.Ad-Hoc|iPhoneSimulator.Build.0 = Release|Any CPU
		{EA38A1E0-9429-49B9-A02E-6D3B7F52E504}.Ad-Hoc|x64.ActiveCfg = Release|Any CPU
		{EA38A1E0-9429-49B9-A02E-6D3B7F52E504}.Ad-Hoc|x64.Build.0 = Release|Any CPU
		{EA38A1E0-9429-49B9-A02E-6D3B7F52E504}.Ad-Hoc|x86.ActiveCfg = Release|Any CPU
		{EA38A1E0-9429-49B9-A02E-6D3B7F52E504}.Ad-Hoc|x86.Build.0 = Release|Any CPU
		{EA38A1E0-9429-49B9-A02E-6D3B7F52E504}.AppStore|Any CPU.ActiveCfg = Release|Any CPU
		{EA38A1E0-9429-49B9-A02E-6D3B7F52E504}.AppStore|Any CPU.Build.0 = Release|Any CPU
		{EA38A1E0-9429-49B9-A02E-6D3B7F52E504}.AppStore|ARM.ActiveCfg = Release|Any CPU
		{EA38A1E0-9429-49B9-A02E-6D3B7F52E504}.AppStore|ARM.Build.0 = Release|Any CPU
		{EA38A1E0-9429-49B9-A02E-6D3B7F52E504}.AppStore|iPhone.ActiveCfg = Release|Any CPU
		{EA38A1E0-9429-49B9-A02E-6D3B7F52E504}.AppStore|iPhone.Build.0 = Release|Any CPU
		{EA38A1E0-9429-49B9-A02E-6D3B7F52E504}.AppStore|iPhoneSimulator.ActiveCfg = Release|Any CPU
		{EA38A1E0-9429-49B9-A02E-6D3B7F52E504}.AppStore|iPhoneSimulator.Build.0 = Release|Any CPU
		{EA38A1E0-9429-49B9-A02E-6D3B7F52E504}.AppStore|x64.ActiveCfg = Release|Any CPU
		{EA38A1E0-9429-49B9-A02E-6D3B7F52E504}.AppStore|x64.Build.0 = Release|Any CPU
		{EA38A1E0-9429-49B9-A02E-6D3B7F52E504}.AppStore|x86.ActiveCfg = Release|Any CPU
		{EA38A1E0-9429-49B9-A02E-6D3B7F52E504}.AppStore|x86.Build.0 = Release|Any CPU
		{EA38A1E0-9429-49B9-A02E-6D3B7F52E504}.Debug|Any CPU.ActiveCfg = Debug|Any CPU
		{EA38A1E0-9429-49B9-A02E-6D3B7F52E504}.Debug|Any CPU.Build.0 = Debug|Any CPU
		{EA38A1E0-9429-49B9-A02E-6D3B7F52E504}.Debug|ARM.ActiveCfg = Debug|Any CPU
		{EA38A1E0-9429-49B9-A02E-6D3B7F52E504}.Debug|ARM.Build.0 = Debug|Any CPU
		{EA38A1E0-9429-49B9-A02E-6D3B7F52E504}.Debug|iPhone.ActiveCfg = Debug|Any CPU
		{EA38A1E0-9429-49B9-A02E-6D3B7F52E504}.Debug|iPhone.Build.0 = Debug|Any CPU
		{EA38A1E0-9429-49B9-A02E-6D3B7F52E504}.Debug|iPhoneSimulator.ActiveCfg = Debug|Any CPU
		{EA38A1E0-9429-49B9-A02E-6D3B7F52E504}.Debug|iPhoneSimulator.Build.0 = Debug|Any CPU
		{EA38A1E0-9429-49B9-A02E-6D3B7F52E504}.Debug|x64.ActiveCfg = Debug|Any CPU
		{EA38A1E0-9429-49B9-A02E-6D3B7F52E504}.Debug|x64.Build.0 = Debug|Any CPU
		{EA38A1E0-9429-49B9-A02E-6D3B7F52E504}.Debug|x86.ActiveCfg = Debug|Any CPU
		{EA38A1E0-9429-49B9-A02E-6D3B7F52E504}.Debug|x86.Build.0 = Debug|Any CPU
		{EA38A1E0-9429-49B9-A02E-6D3B7F52E504}.Release|Any CPU.ActiveCfg = Release|Any CPU
		{EA38A1E0-9429-49B9-A02E-6D3B7F52E504}.Release|Any CPU.Build.0 = Release|Any CPU
		{EA38A1E0-9429-49B9-A02E-6D3B7F52E504}.Release|ARM.ActiveCfg = Release|Any CPU
		{EA38A1E0-9429-49B9-A02E-6D3B7F52E504}.Release|ARM.Build.0 = Release|Any CPU
		{EA38A1E0-9429-49B9-A02E-6D3B7F52E504}.Release|iPhone.ActiveCfg = Release|Any CPU
		{EA38A1E0-9429-49B9-A02E-6D3B7F52E504}.Release|iPhone.Build.0 = Release|Any CPU
		{EA38A1E0-9429-49B9-A02E-6D3B7F52E504}.Release|iPhoneSimulator.ActiveCfg = Release|Any CPU
		{EA38A1E0-9429-49B9-A02E-6D3B7F52E504}.Release|iPhoneSimulator.Build.0 = Release|Any CPU
		{EA38A1E0-9429-49B9-A02E-6D3B7F52E504}.Release|x64.ActiveCfg = Release|Any CPU
		{EA38A1E0-9429-49B9-A02E-6D3B7F52E504}.Release|x64.Build.0 = Release|Any CPU
		{EA38A1E0-9429-49B9-A02E-6D3B7F52E504}.Release|x86.ActiveCfg = Release|Any CPU
		{EA38A1E0-9429-49B9-A02E-6D3B7F52E504}.Release|x86.Build.0 = Release|Any CPU
		{CFE0E91E-BFE9-46FE-BB35-F891AFD25196}.Ad-Hoc|Any CPU.ActiveCfg = Release|Any CPU
		{CFE0E91E-BFE9-46FE-BB35-F891AFD25196}.Ad-Hoc|Any CPU.Build.0 = Release|Any CPU
		{CFE0E91E-BFE9-46FE-BB35-F891AFD25196}.Ad-Hoc|Any CPU.Deploy.0 = Release|Any CPU
		{CFE0E91E-BFE9-46FE-BB35-F891AFD25196}.Ad-Hoc|ARM.ActiveCfg = Release|Any CPU
		{CFE0E91E-BFE9-46FE-BB35-F891AFD25196}.Ad-Hoc|ARM.Build.0 = Release|Any CPU
		{CFE0E91E-BFE9-46FE-BB35-F891AFD25196}.Ad-Hoc|ARM.Deploy.0 = Release|Any CPU
		{CFE0E91E-BFE9-46FE-BB35-F891AFD25196}.Ad-Hoc|iPhone.ActiveCfg = Release|Any CPU
		{CFE0E91E-BFE9-46FE-BB35-F891AFD25196}.Ad-Hoc|iPhone.Build.0 = Release|Any CPU
		{CFE0E91E-BFE9-46FE-BB35-F891AFD25196}.Ad-Hoc|iPhone.Deploy.0 = Release|Any CPU
		{CFE0E91E-BFE9-46FE-BB35-F891AFD25196}.Ad-Hoc|iPhoneSimulator.ActiveCfg = Release|Any CPU
		{CFE0E91E-BFE9-46FE-BB35-F891AFD25196}.Ad-Hoc|iPhoneSimulator.Build.0 = Release|Any CPU
		{CFE0E91E-BFE9-46FE-BB35-F891AFD25196}.Ad-Hoc|iPhoneSimulator.Deploy.0 = Release|Any CPU
		{CFE0E91E-BFE9-46FE-BB35-F891AFD25196}.Ad-Hoc|x64.ActiveCfg = Release|Any CPU
		{CFE0E91E-BFE9-46FE-BB35-F891AFD25196}.Ad-Hoc|x64.Build.0 = Release|Any CPU
		{CFE0E91E-BFE9-46FE-BB35-F891AFD25196}.Ad-Hoc|x64.Deploy.0 = Release|Any CPU
		{CFE0E91E-BFE9-46FE-BB35-F891AFD25196}.Ad-Hoc|x86.ActiveCfg = Release|Any CPU
		{CFE0E91E-BFE9-46FE-BB35-F891AFD25196}.Ad-Hoc|x86.Build.0 = Release|Any CPU
		{CFE0E91E-BFE9-46FE-BB35-F891AFD25196}.Ad-Hoc|x86.Deploy.0 = Release|Any CPU
		{CFE0E91E-BFE9-46FE-BB35-F891AFD25196}.AppStore|Any CPU.ActiveCfg = Release|Any CPU
		{CFE0E91E-BFE9-46FE-BB35-F891AFD25196}.AppStore|Any CPU.Build.0 = Release|Any CPU
		{CFE0E91E-BFE9-46FE-BB35-F891AFD25196}.AppStore|Any CPU.Deploy.0 = Release|Any CPU
		{CFE0E91E-BFE9-46FE-BB35-F891AFD25196}.AppStore|ARM.ActiveCfg = Release|Any CPU
		{CFE0E91E-BFE9-46FE-BB35-F891AFD25196}.AppStore|ARM.Build.0 = Release|Any CPU
		{CFE0E91E-BFE9-46FE-BB35-F891AFD25196}.AppStore|ARM.Deploy.0 = Release|Any CPU
		{CFE0E91E-BFE9-46FE-BB35-F891AFD25196}.AppStore|iPhone.ActiveCfg = Release|Any CPU
		{CFE0E91E-BFE9-46FE-BB35-F891AFD25196}.AppStore|iPhone.Build.0 = Release|Any CPU
		{CFE0E91E-BFE9-46FE-BB35-F891AFD25196}.AppStore|iPhone.Deploy.0 = Release|Any CPU
		{CFE0E91E-BFE9-46FE-BB35-F891AFD25196}.AppStore|iPhoneSimulator.ActiveCfg = Release|Any CPU
		{CFE0E91E-BFE9-46FE-BB35-F891AFD25196}.AppStore|iPhoneSimulator.Build.0 = Release|Any CPU
		{CFE0E91E-BFE9-46FE-BB35-F891AFD25196}.AppStore|iPhoneSimulator.Deploy.0 = Release|Any CPU
		{CFE0E91E-BFE9-46FE-BB35-F891AFD25196}.AppStore|x64.ActiveCfg = Release|Any CPU
		{CFE0E91E-BFE9-46FE-BB35-F891AFD25196}.AppStore|x64.Build.0 = Release|Any CPU
		{CFE0E91E-BFE9-46FE-BB35-F891AFD25196}.AppStore|x64.Deploy.0 = Release|Any CPU
		{CFE0E91E-BFE9-46FE-BB35-F891AFD25196}.AppStore|x86.ActiveCfg = Release|Any CPU
		{CFE0E91E-BFE9-46FE-BB35-F891AFD25196}.AppStore|x86.Build.0 = Release|Any CPU
		{CFE0E91E-BFE9-46FE-BB35-F891AFD25196}.AppStore|x86.Deploy.0 = Release|Any CPU
		{CFE0E91E-BFE9-46FE-BB35-F891AFD25196}.Debug|Any CPU.ActiveCfg = Debug|Any CPU
		{CFE0E91E-BFE9-46FE-BB35-F891AFD25196}.Debug|Any CPU.Build.0 = Debug|Any CPU
		{CFE0E91E-BFE9-46FE-BB35-F891AFD25196}.Debug|Any CPU.Deploy.0 = Debug|Any CPU
		{CFE0E91E-BFE9-46FE-BB35-F891AFD25196}.Debug|ARM.ActiveCfg = Debug|Any CPU
		{CFE0E91E-BFE9-46FE-BB35-F891AFD25196}.Debug|ARM.Build.0 = Debug|Any CPU
		{CFE0E91E-BFE9-46FE-BB35-F891AFD25196}.Debug|ARM.Deploy.0 = Debug|Any CPU
		{CFE0E91E-BFE9-46FE-BB35-F891AFD25196}.Debug|iPhone.ActiveCfg = Debug|Any CPU
		{CFE0E91E-BFE9-46FE-BB35-F891AFD25196}.Debug|iPhone.Build.0 = Debug|Any CPU
		{CFE0E91E-BFE9-46FE-BB35-F891AFD25196}.Debug|iPhone.Deploy.0 = Debug|Any CPU
		{CFE0E91E-BFE9-46FE-BB35-F891AFD25196}.Debug|iPhoneSimulator.ActiveCfg = Debug|Any CPU
		{CFE0E91E-BFE9-46FE-BB35-F891AFD25196}.Debug|iPhoneSimulator.Build.0 = Debug|Any CPU
		{CFE0E91E-BFE9-46FE-BB35-F891AFD25196}.Debug|iPhoneSimulator.Deploy.0 = Debug|Any CPU
		{CFE0E91E-BFE9-46FE-BB35-F891AFD25196}.Debug|x64.ActiveCfg = Debug|Any CPU
		{CFE0E91E-BFE9-46FE-BB35-F891AFD25196}.Debug|x64.Build.0 = Debug|Any CPU
		{CFE0E91E-BFE9-46FE-BB35-F891AFD25196}.Debug|x64.Deploy.0 = Debug|Any CPU
		{CFE0E91E-BFE9-46FE-BB35-F891AFD25196}.Debug|x86.ActiveCfg = Debug|Any CPU
		{CFE0E91E-BFE9-46FE-BB35-F891AFD25196}.Debug|x86.Build.0 = Debug|Any CPU
		{CFE0E91E-BFE9-46FE-BB35-F891AFD25196}.Debug|x86.Deploy.0 = Debug|Any CPU
		{CFE0E91E-BFE9-46FE-BB35-F891AFD25196}.Release|Any CPU.ActiveCfg = Release|Any CPU
		{CFE0E91E-BFE9-46FE-BB35-F891AFD25196}.Release|Any CPU.Build.0 = Release|Any CPU
		{CFE0E91E-BFE9-46FE-BB35-F891AFD25196}.Release|Any CPU.Deploy.0 = Release|Any CPU
		{CFE0E91E-BFE9-46FE-BB35-F891AFD25196}.Release|ARM.ActiveCfg = Release|Any CPU
		{CFE0E91E-BFE9-46FE-BB35-F891AFD25196}.Release|ARM.Build.0 = Release|Any CPU
		{CFE0E91E-BFE9-46FE-BB35-F891AFD25196}.Release|ARM.Deploy.0 = Release|Any CPU
		{CFE0E91E-BFE9-46FE-BB35-F891AFD25196}.Release|iPhone.ActiveCfg = Release|Any CPU
		{CFE0E91E-BFE9-46FE-BB35-F891AFD25196}.Release|iPhone.Build.0 = Release|Any CPU
		{CFE0E91E-BFE9-46FE-BB35-F891AFD25196}.Release|iPhone.Deploy.0 = Release|Any CPU
		{CFE0E91E-BFE9-46FE-BB35-F891AFD25196}.Release|iPhoneSimulator.ActiveCfg = Release|Any CPU
		{CFE0E91E-BFE9-46FE-BB35-F891AFD25196}.Release|iPhoneSimulator.Build.0 = Release|Any CPU
		{CFE0E91E-BFE9-46FE-BB35-F891AFD25196}.Release|iPhoneSimulator.Deploy.0 = Release|Any CPU
		{CFE0E91E-BFE9-46FE-BB35-F891AFD25196}.Release|x64.ActiveCfg = Release|Any CPU
		{CFE0E91E-BFE9-46FE-BB35-F891AFD25196}.Release|x64.Build.0 = Release|Any CPU
		{CFE0E91E-BFE9-46FE-BB35-F891AFD25196}.Release|x64.Deploy.0 = Release|Any CPU
		{CFE0E91E-BFE9-46FE-BB35-F891AFD25196}.Release|x86.ActiveCfg = Release|Any CPU
		{CFE0E91E-BFE9-46FE-BB35-F891AFD25196}.Release|x86.Build.0 = Release|Any CPU
		{CFE0E91E-BFE9-46FE-BB35-F891AFD25196}.Release|x86.Deploy.0 = Release|Any CPU
		{147FFA5F-D3CD-4294-8A8E-05950A1BF336}.Ad-Hoc|Any CPU.ActiveCfg = Ad-Hoc|iPhone
		{147FFA5F-D3CD-4294-8A8E-05950A1BF336}.Ad-Hoc|ARM.ActiveCfg = Ad-Hoc|iPhone
		{147FFA5F-D3CD-4294-8A8E-05950A1BF336}.Ad-Hoc|iPhone.ActiveCfg = Ad-Hoc|iPhone
		{147FFA5F-D3CD-4294-8A8E-05950A1BF336}.Ad-Hoc|iPhone.Build.0 = Ad-Hoc|iPhone
		{147FFA5F-D3CD-4294-8A8E-05950A1BF336}.Ad-Hoc|iPhoneSimulator.ActiveCfg = Ad-Hoc|iPhoneSimulator
		{147FFA5F-D3CD-4294-8A8E-05950A1BF336}.Ad-Hoc|iPhoneSimulator.Build.0 = Ad-Hoc|iPhoneSimulator
		{147FFA5F-D3CD-4294-8A8E-05950A1BF336}.Ad-Hoc|x64.ActiveCfg = Ad-Hoc|iPhone
		{147FFA5F-D3CD-4294-8A8E-05950A1BF336}.Ad-Hoc|x86.ActiveCfg = Ad-Hoc|iPhone
		{147FFA5F-D3CD-4294-8A8E-05950A1BF336}.AppStore|Any CPU.ActiveCfg = AppStore|iPhone
		{147FFA5F-D3CD-4294-8A8E-05950A1BF336}.AppStore|ARM.ActiveCfg = AppStore|iPhone
		{147FFA5F-D3CD-4294-8A8E-05950A1BF336}.AppStore|iPhone.ActiveCfg = AppStore|iPhone
		{147FFA5F-D3CD-4294-8A8E-05950A1BF336}.AppStore|iPhone.Build.0 = AppStore|iPhone
		{147FFA5F-D3CD-4294-8A8E-05950A1BF336}.AppStore|iPhoneSimulator.ActiveCfg = AppStore|iPhoneSimulator
		{147FFA5F-D3CD-4294-8A8E-05950A1BF336}.AppStore|iPhoneSimulator.Build.0 = AppStore|iPhoneSimulator
		{147FFA5F-D3CD-4294-8A8E-05950A1BF336}.AppStore|x64.ActiveCfg = AppStore|iPhone
		{147FFA5F-D3CD-4294-8A8E-05950A1BF336}.AppStore|x86.ActiveCfg = AppStore|iPhone
		{147FFA5F-D3CD-4294-8A8E-05950A1BF336}.Debug|Any CPU.ActiveCfg = Debug|iPhone
		{147FFA5F-D3CD-4294-8A8E-05950A1BF336}.Debug|ARM.ActiveCfg = Debug|iPhone
		{147FFA5F-D3CD-4294-8A8E-05950A1BF336}.Debug|iPhone.ActiveCfg = Debug|iPhone
		{147FFA5F-D3CD-4294-8A8E-05950A1BF336}.Debug|iPhone.Build.0 = Debug|iPhone
		{147FFA5F-D3CD-4294-8A8E-05950A1BF336}.Debug|iPhoneSimulator.ActiveCfg = Debug|iPhoneSimulator
		{147FFA5F-D3CD-4294-8A8E-05950A1BF336}.Debug|iPhoneSimulator.Build.0 = Debug|iPhoneSimulator
		{147FFA5F-D3CD-4294-8A8E-05950A1BF336}.Debug|x64.ActiveCfg = Debug|iPhone
		{147FFA5F-D3CD-4294-8A8E-05950A1BF336}.Debug|x86.ActiveCfg = Debug|iPhone
		{147FFA5F-D3CD-4294-8A8E-05950A1BF336}.Release|Any CPU.ActiveCfg = Release|iPhone
		{147FFA5F-D3CD-4294-8A8E-05950A1BF336}.Release|ARM.ActiveCfg = Release|iPhone
		{147FFA5F-D3CD-4294-8A8E-05950A1BF336}.Release|iPhone.ActiveCfg = Release|iPhone
		{147FFA5F-D3CD-4294-8A8E-05950A1BF336}.Release|iPhone.Build.0 = Release|iPhone
		{147FFA5F-D3CD-4294-8A8E-05950A1BF336}.Release|iPhoneSimulator.ActiveCfg = Release|iPhoneSimulator
		{147FFA5F-D3CD-4294-8A8E-05950A1BF336}.Release|iPhoneSimulator.Build.0 = Release|iPhoneSimulator
		{147FFA5F-D3CD-4294-8A8E-05950A1BF336}.Release|x64.ActiveCfg = Release|iPhone
		{147FFA5F-D3CD-4294-8A8E-05950A1BF336}.Release|x86.ActiveCfg = Release|iPhone
		{BEB482E4-6861-4DD3-B1C8-67B3F3B0D001}.Ad-Hoc|Any CPU.ActiveCfg = Release|Any CPU
		{BEB482E4-6861-4DD3-B1C8-67B3F3B0D001}.Ad-Hoc|Any CPU.Build.0 = Release|Any CPU
		{BEB482E4-6861-4DD3-B1C8-67B3F3B0D001}.Ad-Hoc|Any CPU.Deploy.0 = Release|Any CPU
		{BEB482E4-6861-4DD3-B1C8-67B3F3B0D001}.Ad-Hoc|ARM.ActiveCfg = Release|ARM
		{BEB482E4-6861-4DD3-B1C8-67B3F3B0D001}.Ad-Hoc|ARM.Build.0 = Release|ARM
		{BEB482E4-6861-4DD3-B1C8-67B3F3B0D001}.Ad-Hoc|ARM.Deploy.0 = Release|ARM
		{BEB482E4-6861-4DD3-B1C8-67B3F3B0D001}.Ad-Hoc|iPhone.ActiveCfg = Release|Any CPU
		{BEB482E4-6861-4DD3-B1C8-67B3F3B0D001}.Ad-Hoc|iPhone.Build.0 = Release|Any CPU
		{BEB482E4-6861-4DD3-B1C8-67B3F3B0D001}.Ad-Hoc|iPhone.Deploy.0 = Release|Any CPU
		{BEB482E4-6861-4DD3-B1C8-67B3F3B0D001}.Ad-Hoc|iPhoneSimulator.ActiveCfg = Release|Any CPU
		{BEB482E4-6861-4DD3-B1C8-67B3F3B0D001}.Ad-Hoc|iPhoneSimulator.Build.0 = Release|Any CPU
		{BEB482E4-6861-4DD3-B1C8-67B3F3B0D001}.Ad-Hoc|iPhoneSimulator.Deploy.0 = Release|Any CPU
		{BEB482E4-6861-4DD3-B1C8-67B3F3B0D001}.Ad-Hoc|x64.ActiveCfg = Release|Any CPU
		{BEB482E4-6861-4DD3-B1C8-67B3F3B0D001}.Ad-Hoc|x64.Build.0 = Release|Any CPU
		{BEB482E4-6861-4DD3-B1C8-67B3F3B0D001}.Ad-Hoc|x64.Deploy.0 = Release|Any CPU
		{BEB482E4-6861-4DD3-B1C8-67B3F3B0D001}.Ad-Hoc|x86.ActiveCfg = Release|x86
		{BEB482E4-6861-4DD3-B1C8-67B3F3B0D001}.Ad-Hoc|x86.Build.0 = Release|x86
		{BEB482E4-6861-4DD3-B1C8-67B3F3B0D001}.Ad-Hoc|x86.Deploy.0 = Release|x86
		{BEB482E4-6861-4DD3-B1C8-67B3F3B0D001}.AppStore|Any CPU.ActiveCfg = Release|Any CPU
		{BEB482E4-6861-4DD3-B1C8-67B3F3B0D001}.AppStore|Any CPU.Build.0 = Release|Any CPU
		{BEB482E4-6861-4DD3-B1C8-67B3F3B0D001}.AppStore|Any CPU.Deploy.0 = Release|Any CPU
		{BEB482E4-6861-4DD3-B1C8-67B3F3B0D001}.AppStore|ARM.ActiveCfg = Release|ARM
		{BEB482E4-6861-4DD3-B1C8-67B3F3B0D001}.AppStore|ARM.Build.0 = Release|ARM
		{BEB482E4-6861-4DD3-B1C8-67B3F3B0D001}.AppStore|ARM.Deploy.0 = Release|ARM
		{BEB482E4-6861-4DD3-B1C8-67B3F3B0D001}.AppStore|iPhone.ActiveCfg = Release|Any CPU
		{BEB482E4-6861-4DD3-B1C8-67B3F3B0D001}.AppStore|iPhone.Build.0 = Release|Any CPU
		{BEB482E4-6861-4DD3-B1C8-67B3F3B0D001}.AppStore|iPhone.Deploy.0 = Release|Any CPU
		{BEB482E4-6861-4DD3-B1C8-67B3F3B0D001}.AppStore|iPhoneSimulator.ActiveCfg = Release|Any CPU
		{BEB482E4-6861-4DD3-B1C8-67B3F3B0D001}.AppStore|iPhoneSimulator.Build.0 = Release|Any CPU
		{BEB482E4-6861-4DD3-B1C8-67B3F3B0D001}.AppStore|iPhoneSimulator.Deploy.0 = Release|Any CPU
		{BEB482E4-6861-4DD3-B1C8-67B3F3B0D001}.AppStore|x64.ActiveCfg = Release|Any CPU
		{BEB482E4-6861-4DD3-B1C8-67B3F3B0D001}.AppStore|x64.Build.0 = Release|Any CPU
		{BEB482E4-6861-4DD3-B1C8-67B3F3B0D001}.AppStore|x64.Deploy.0 = Release|Any CPU
		{BEB482E4-6861-4DD3-B1C8-67B3F3B0D001}.AppStore|x86.ActiveCfg = Release|x86
		{BEB482E4-6861-4DD3-B1C8-67B3F3B0D001}.AppStore|x86.Build.0 = Release|x86
		{BEB482E4-6861-4DD3-B1C8-67B3F3B0D001}.AppStore|x86.Deploy.0 = Release|x86
		{BEB482E4-6861-4DD3-B1C8-67B3F3B0D001}.Debug|Any CPU.ActiveCfg = Debug|x86
		{BEB482E4-6861-4DD3-B1C8-67B3F3B0D001}.Debug|Any CPU.Build.0 = Debug|x86
		{BEB482E4-6861-4DD3-B1C8-67B3F3B0D001}.Debug|Any CPU.Deploy.0 = Debug|x86
		{BEB482E4-6861-4DD3-B1C8-67B3F3B0D001}.Debug|ARM.ActiveCfg = Debug|ARM
		{BEB482E4-6861-4DD3-B1C8-67B3F3B0D001}.Debug|ARM.Build.0 = Debug|ARM
		{BEB482E4-6861-4DD3-B1C8-67B3F3B0D001}.Debug|ARM.Deploy.0 = Debug|ARM
		{BEB482E4-6861-4DD3-B1C8-67B3F3B0D001}.Debug|iPhone.ActiveCfg = Debug|x86
		{BEB482E4-6861-4DD3-B1C8-67B3F3B0D001}.Debug|iPhone.Build.0 = Debug|x86
		{BEB482E4-6861-4DD3-B1C8-67B3F3B0D001}.Debug|iPhoneSimulator.ActiveCfg = Debug|Any CPU
		{BEB482E4-6861-4DD3-B1C8-67B3F3B0D001}.Debug|iPhoneSimulator.Build.0 = Debug|Any CPU
		{BEB482E4-6861-4DD3-B1C8-67B3F3B0D001}.Debug|iPhoneSimulator.Deploy.0 = Debug|Any CPU
		{BEB482E4-6861-4DD3-B1C8-67B3F3B0D001}.Debug|x64.ActiveCfg = Debug|Any CPU
		{BEB482E4-6861-4DD3-B1C8-67B3F3B0D001}.Debug|x64.Build.0 = Debug|Any CPU
		{BEB482E4-6861-4DD3-B1C8-67B3F3B0D001}.Debug|x64.Deploy.0 = Debug|Any CPU
		{BEB482E4-6861-4DD3-B1C8-67B3F3B0D001}.Debug|x86.ActiveCfg = Debug|x86
		{BEB482E4-6861-4DD3-B1C8-67B3F3B0D001}.Debug|x86.Build.0 = Debug|x86
		{BEB482E4-6861-4DD3-B1C8-67B3F3B0D001}.Debug|x86.Deploy.0 = Debug|x86
		{BEB482E4-6861-4DD3-B1C8-67B3F3B0D001}.Release|Any CPU.ActiveCfg = Release|Any CPU
		{BEB482E4-6861-4DD3-B1C8-67B3F3B0D001}.Release|Any CPU.Build.0 = Release|Any CPU
		{BEB482E4-6861-4DD3-B1C8-67B3F3B0D001}.Release|Any CPU.Deploy.0 = Release|Any CPU
		{BEB482E4-6861-4DD3-B1C8-67B3F3B0D001}.Release|ARM.ActiveCfg = Release|ARM
		{BEB482E4-6861-4DD3-B1C8-67B3F3B0D001}.Release|ARM.Build.0 = Release|ARM
		{BEB482E4-6861-4DD3-B1C8-67B3F3B0D001}.Release|ARM.Deploy.0 = Release|ARM
		{BEB482E4-6861-4DD3-B1C8-67B3F3B0D001}.Release|iPhone.ActiveCfg = Release|Any CPU
		{BEB482E4-6861-4DD3-B1C8-67B3F3B0D001}.Release|iPhone.Build.0 = Release|Any CPU
		{BEB482E4-6861-4DD3-B1C8-67B3F3B0D001}.Release|iPhone.Deploy.0 = Release|Any CPU
		{BEB482E4-6861-4DD3-B1C8-67B3F3B0D001}.Release|iPhoneSimulator.ActiveCfg = Release|Any CPU
		{BEB482E4-6861-4DD3-B1C8-67B3F3B0D001}.Release|iPhoneSimulator.Build.0 = Release|Any CPU
		{BEB482E4-6861-4DD3-B1C8-67B3F3B0D001}.Release|iPhoneSimulator.Deploy.0 = Release|Any CPU
		{BEB482E4-6861-4DD3-B1C8-67B3F3B0D001}.Release|x64.ActiveCfg = Release|Any CPU
		{BEB482E4-6861-4DD3-B1C8-67B3F3B0D001}.Release|x64.Build.0 = Release|Any CPU
		{BEB482E4-6861-4DD3-B1C8-67B3F3B0D001}.Release|x64.Deploy.0 = Release|Any CPU
		{BEB482E4-6861-4DD3-B1C8-67B3F3B0D001}.Release|x86.ActiveCfg = Release|x86
		{BEB482E4-6861-4DD3-B1C8-67B3F3B0D001}.Release|x86.Build.0 = Release|x86
		{BEB482E4-6861-4DD3-B1C8-67B3F3B0D001}.Release|x86.Deploy.0 = Release|x86
		{00FF0CBA-B496-4F70-8427-CD1157C8A7E5}.Ad-Hoc|Any CPU.ActiveCfg = Release|Any CPU
		{00FF0CBA-B496-4F70-8427-CD1157C8A7E5}.Ad-Hoc|Any CPU.Build.0 = Release|Any CPU
		{00FF0CBA-B496-4F70-8427-CD1157C8A7E5}.Ad-Hoc|Any CPU.Deploy.0 = Release|Any CPU
		{00FF0CBA-B496-4F70-8427-CD1157C8A7E5}.Ad-Hoc|ARM.ActiveCfg = Release|ARM
		{00FF0CBA-B496-4F70-8427-CD1157C8A7E5}.Ad-Hoc|ARM.Build.0 = Release|ARM
		{00FF0CBA-B496-4F70-8427-CD1157C8A7E5}.Ad-Hoc|ARM.Deploy.0 = Release|ARM
		{00FF0CBA-B496-4F70-8427-CD1157C8A7E5}.Ad-Hoc|iPhone.ActiveCfg = Release|Any CPU
		{00FF0CBA-B496-4F70-8427-CD1157C8A7E5}.Ad-Hoc|iPhone.Build.0 = Release|Any CPU
		{00FF0CBA-B496-4F70-8427-CD1157C8A7E5}.Ad-Hoc|iPhone.Deploy.0 = Release|Any CPU
		{00FF0CBA-B496-4F70-8427-CD1157C8A7E5}.Ad-Hoc|iPhoneSimulator.ActiveCfg = Release|Any CPU
		{00FF0CBA-B496-4F70-8427-CD1157C8A7E5}.Ad-Hoc|iPhoneSimulator.Build.0 = Release|Any CPU
		{00FF0CBA-B496-4F70-8427-CD1157C8A7E5}.Ad-Hoc|iPhoneSimulator.Deploy.0 = Release|Any CPU
		{00FF0CBA-B496-4F70-8427-CD1157C8A7E5}.Ad-Hoc|x64.ActiveCfg = Release|x64
		{00FF0CBA-B496-4F70-8427-CD1157C8A7E5}.Ad-Hoc|x64.Build.0 = Release|x64
		{00FF0CBA-B496-4F70-8427-CD1157C8A7E5}.Ad-Hoc|x64.Deploy.0 = Release|x64
		{00FF0CBA-B496-4F70-8427-CD1157C8A7E5}.Ad-Hoc|x86.ActiveCfg = Release|x86
		{00FF0CBA-B496-4F70-8427-CD1157C8A7E5}.Ad-Hoc|x86.Build.0 = Release|x86
		{00FF0CBA-B496-4F70-8427-CD1157C8A7E5}.Ad-Hoc|x86.Deploy.0 = Release|x86
		{00FF0CBA-B496-4F70-8427-CD1157C8A7E5}.AppStore|Any CPU.ActiveCfg = Release|Any CPU
		{00FF0CBA-B496-4F70-8427-CD1157C8A7E5}.AppStore|Any CPU.Build.0 = Release|Any CPU
		{00FF0CBA-B496-4F70-8427-CD1157C8A7E5}.AppStore|Any CPU.Deploy.0 = Release|Any CPU
		{00FF0CBA-B496-4F70-8427-CD1157C8A7E5}.AppStore|ARM.ActiveCfg = Release|ARM
		{00FF0CBA-B496-4F70-8427-CD1157C8A7E5}.AppStore|ARM.Build.0 = Release|ARM
		{00FF0CBA-B496-4F70-8427-CD1157C8A7E5}.AppStore|ARM.Deploy.0 = Release|ARM
		{00FF0CBA-B496-4F70-8427-CD1157C8A7E5}.AppStore|iPhone.ActiveCfg = Release|Any CPU
		{00FF0CBA-B496-4F70-8427-CD1157C8A7E5}.AppStore|iPhone.Build.0 = Release|Any CPU
		{00FF0CBA-B496-4F70-8427-CD1157C8A7E5}.AppStore|iPhone.Deploy.0 = Release|Any CPU
		{00FF0CBA-B496-4F70-8427-CD1157C8A7E5}.AppStore|iPhoneSimulator.ActiveCfg = Release|Any CPU
		{00FF0CBA-B496-4F70-8427-CD1157C8A7E5}.AppStore|iPhoneSimulator.Build.0 = Release|Any CPU
		{00FF0CBA-B496-4F70-8427-CD1157C8A7E5}.AppStore|iPhoneSimulator.Deploy.0 = Release|Any CPU
		{00FF0CBA-B496-4F70-8427-CD1157C8A7E5}.AppStore|x64.ActiveCfg = Release|x64
		{00FF0CBA-B496-4F70-8427-CD1157C8A7E5}.AppStore|x64.Build.0 = Release|x64
		{00FF0CBA-B496-4F70-8427-CD1157C8A7E5}.AppStore|x64.Deploy.0 = Release|x64
		{00FF0CBA-B496-4F70-8427-CD1157C8A7E5}.AppStore|x86.ActiveCfg = Release|x86
		{00FF0CBA-B496-4F70-8427-CD1157C8A7E5}.AppStore|x86.Build.0 = Release|x86
		{00FF0CBA-B496-4F70-8427-CD1157C8A7E5}.AppStore|x86.Deploy.0 = Release|x86
		{00FF0CBA-B496-4F70-8427-CD1157C8A7E5}.Debug|Any CPU.ActiveCfg = Debug|x86
		{00FF0CBA-B496-4F70-8427-CD1157C8A7E5}.Debug|Any CPU.Build.0 = Debug|x86
		{00FF0CBA-B496-4F70-8427-CD1157C8A7E5}.Debug|Any CPU.Deploy.0 = Debug|x86
		{00FF0CBA-B496-4F70-8427-CD1157C8A7E5}.Debug|ARM.ActiveCfg = Debug|ARM
		{00FF0CBA-B496-4F70-8427-CD1157C8A7E5}.Debug|ARM.Build.0 = Debug|ARM
		{00FF0CBA-B496-4F70-8427-CD1157C8A7E5}.Debug|ARM.Deploy.0 = Debug|ARM
		{00FF0CBA-B496-4F70-8427-CD1157C8A7E5}.Debug|iPhone.ActiveCfg = Debug|x86
		{00FF0CBA-B496-4F70-8427-CD1157C8A7E5}.Debug|iPhone.Build.0 = Debug|x86
		{00FF0CBA-B496-4F70-8427-CD1157C8A7E5}.Debug|iPhoneSimulator.ActiveCfg = Debug|Any CPU
		{00FF0CBA-B496-4F70-8427-CD1157C8A7E5}.Debug|iPhoneSimulator.Build.0 = Debug|Any CPU
		{00FF0CBA-B496-4F70-8427-CD1157C8A7E5}.Debug|iPhoneSimulator.Deploy.0 = Debug|Any CPU
		{00FF0CBA-B496-4F70-8427-CD1157C8A7E5}.Debug|x64.ActiveCfg = Debug|x64
		{00FF0CBA-B496-4F70-8427-CD1157C8A7E5}.Debug|x64.Build.0 = Debug|x64
		{00FF0CBA-B496-4F70-8427-CD1157C8A7E5}.Debug|x64.Deploy.0 = Debug|x64
		{00FF0CBA-B496-4F70-8427-CD1157C8A7E5}.Debug|x86.ActiveCfg = Debug|x86
		{00FF0CBA-B496-4F70-8427-CD1157C8A7E5}.Debug|x86.Build.0 = Debug|x86
		{00FF0CBA-B496-4F70-8427-CD1157C8A7E5}.Debug|x86.Deploy.0 = Debug|x86
		{00FF0CBA-B496-4F70-8427-CD1157C8A7E5}.Release|Any CPU.ActiveCfg = Release|Any CPU
		{00FF0CBA-B496-4F70-8427-CD1157C8A7E5}.Release|Any CPU.Build.0 = Release|Any CPU
		{00FF0CBA-B496-4F70-8427-CD1157C8A7E5}.Release|Any CPU.Deploy.0 = Release|Any CPU
		{00FF0CBA-B496-4F70-8427-CD1157C8A7E5}.Release|ARM.ActiveCfg = Release|ARM
		{00FF0CBA-B496-4F70-8427-CD1157C8A7E5}.Release|ARM.Build.0 = Release|ARM
		{00FF0CBA-B496-4F70-8427-CD1157C8A7E5}.Release|ARM.Deploy.0 = Release|ARM
		{00FF0CBA-B496-4F70-8427-CD1157C8A7E5}.Release|iPhone.ActiveCfg = Release|Any CPU
		{00FF0CBA-B496-4F70-8427-CD1157C8A7E5}.Release|iPhone.Build.0 = Release|Any CPU
		{00FF0CBA-B496-4F70-8427-CD1157C8A7E5}.Release|iPhone.Deploy.0 = Release|Any CPU
		{00FF0CBA-B496-4F70-8427-CD1157C8A7E5}.Release|iPhoneSimulator.ActiveCfg = Release|Any CPU
		{00FF0CBA-B496-4F70-8427-CD1157C8A7E5}.Release|iPhoneSimulator.Build.0 = Release|Any CPU
		{00FF0CBA-B496-4F70-8427-CD1157C8A7E5}.Release|iPhoneSimulator.Deploy.0 = Release|Any CPU
		{00FF0CBA-B496-4F70-8427-CD1157C8A7E5}.Release|x64.ActiveCfg = Release|x64
		{00FF0CBA-B496-4F70-8427-CD1157C8A7E5}.Release|x64.Build.0 = Release|x64
		{00FF0CBA-B496-4F70-8427-CD1157C8A7E5}.Release|x64.Deploy.0 = Release|x64
		{00FF0CBA-B496-4F70-8427-CD1157C8A7E5}.Release|x86.ActiveCfg = Release|x86
		{00FF0CBA-B496-4F70-8427-CD1157C8A7E5}.Release|x86.Build.0 = Release|x86
		{00FF0CBA-B496-4F70-8427-CD1157C8A7E5}.Release|x86.Deploy.0 = Release|x86
	EndGlobalSection
	GlobalSection(SolutionProperties) = preSolution
		HideSolutionNode = FALSE
	EndGlobalSection
EndGlobal
